
Microsoft Visual Studio Solution File, Format Version 12.00
# Visual Studio 15
VisualStudioVersion = 15.0.27130.2036
MinimumVisualStudioVersion = 10.0.40219.1
Project("{888888A0-9F3D-457C-B088-3A5042F75D52}") = "WarcraftLogs Python", "WarcraftLogs Python\WarcraftLogs Python.pyproj", "{4041840B-39CC-4631-81AB-6CF468ED6FE8}"
EndProject
Global
	GlobalSection(SolutionConfigurationPlatforms) = preSolution
		Debug|Any CPU = Debug|Any CPU
		Release|Any CPU = Release|Any CPU
	EndGlobalSection
	GlobalSection(ProjectConfigurationPlatforms) = postSolution
		{4041840B-39CC-4631-81AB-6CF468ED6FE8}.Debug|Any CPU.ActiveCfg = Debug|Any CPU
		{4041840B-39CC-4631-81AB-6CF468ED6FE8}.Release|Any CPU.ActiveCfg = Release|Any CPU
	EndGlobalSection
	GlobalSection(SolutionProperties) = preSolution
		HideSolutionNode = FALSE
	EndGlobalSection
	GlobalSection(ExtensibilityGlobals) = postSolution
		SolutionGuid = {EBCF2039-F5AA-4EFA-BD2F-5E2004C8A73A}
	EndGlobalSection
EndGlobal
